{
  "name": "drluffy",
  "version": "1.0.0",
  "lockfileVersion": 3,
  "requires": true,
  "packages": {
    "": {
      "name": "drluffy",
      "version": "1.0.0",
      "bin": {
        "drluffy": "scripts/luffy.js",
        "luffy": "scripts/luffy.js",
        "Luffy": "scripts/luffy.js"
      }
    }
  }
}
